
Microsoft Visual Studio Solution File, Format Version 12.00
# Visual Studio Version 17
VisualStudioVersion = 17.9.34407.89
MinimumVisualStudioVersion = 10.0.40219.1
Project("{FAE04EC0-301F-11D3-BF4B-00C04F79EFBC}") = "RustOptimizer", "RustOptimizer.csproj", "{C782AED3-E7C9-4C43-AAB2-4F54192737DB}"
EndProject
Global
	GlobalSection(SolutionConfigurationPlatforms) = preSolution
		Debug|Any CPU = Debug|Any CPU
		Release|Any CPU = Release|Any CPU
	EndGlobalSection
	GlobalSection(ProjectConfigurationPlatforms) = postSolution
		{C782AED3-E7C9-4C43-AAB2-4F54192737DB}.Debug|Any CPU.ActiveCfg = Debug|Any CPU
		{C782AED3-E7C9-4C43-AAB2-4F54192737DB}.Debug|Any CPU.Build.0 = Debug|Any CPU
		{C782AED3-E7C9-4C43-AAB2-4F54192737DB}.Release|Any CPU.ActiveCfg = Release|Any CPU
		{C782AED3-E7C9-4C43-AAB2-4F54192737DB}.Release|Any CPU.Build.0 = Release|Any CPU
	EndGlobalSection
	GlobalSection(SolutionProperties) = preSolution
		HideSolutionNode = FALSE
	EndGlobalSection
	GlobalSection(ExtensibilityGlobals) = postSolution
		SolutionGuid = {E2D7BB1E-F0C7-4F1B-97B4-0C56F74A2DA3}
	EndGlobalSection
EndGlobal
